
Microsoft Visual Studio Solution File, Format Version 12.00
Project("{FAE04EC0-301F-11D3-BF4B-00C04F79EFBC}") = "ActionPlayground", "ActionPlayground\ActionPlayground.csproj", "{465FE9E1-953A-4D13-AB76-90B8B1F2B702}"
EndProject
Global
	GlobalSection(SolutionConfigurationPlatforms) = preSolution
		Debug|Any CPU = Debug|Any CPU
		Release|Any CPU = Release|Any CPU
	EndGlobalSection
	GlobalSection(ProjectConfigurationPlatforms) = postSolution
		{465FE9E1-953A-4D13-AB76-90B8B1F2B702}.Debug|Any CPU.ActiveCfg = Debug|Any CPU
		{465FE9E1-953A-4D13-AB76-90B8B1F2B702}.Debug|Any CPU.Build.0 = Debug|Any CPU
		{465FE9E1-953A-4D13-AB76-90B8B1F2B702}.Release|Any CPU.ActiveCfg = Release|Any CPU
		{465FE9E1-953A-4D13-AB76-90B8B1F2B702}.Release|Any CPU.Build.0 = Release|Any CPU
	EndGlobalSection
EndGlobal
